Microsoft Visual Studio Solution File, Format Version 12.00
# Visual Studio Version 17
VisualStudioVersion = 17.5.2.0
MinimumVisualStudioVersion = 10.0.40219.1
Project("{FAE04EC0-301F-11D3-BF4B-00C04F79EFBC}") = "OnlineShop", "OnlineShop.csproj", "{CA907071-CB11-0194-966B-5BB506471642}"
EndProject
Global
	GlobalSection(SolutionConfigurationPlatforms) = preSolution
		Debug|Any CPU = Debug|Any CPU
		Release|Any CPU = Release|Any CPU
	EndGlobalSection
	GlobalSection(ProjectConfigurationPlatforms) = postSolution
		{CA907071-CB11-0194-966B-5BB506471642}.Debug|Any CPU.ActiveCfg = Debug|Any CPU
		{CA907071-CB11-0194-966B-5BB506471642}.Debug|Any CPU.Build.0 = Debug|Any CPU
		{CA907071-CB11-0194-966B-5BB506471642}.Release|Any CPU.ActiveCfg = Release|Any CPU
		{CA907071-CB11-0194-966B-5BB506471642}.Release|Any CPU.Build.0 = Release|Any CPU
	EndGlobalSection
	GlobalSection(SolutionProperties) = preSolution
		HideSolutionNode = FALSE
	EndGlobalSection
	GlobalSection(ExtensibilityGlobals) = postSolution
		SolutionGuid = {C3A2FF95-C168-4978-93D4-DADC2D0616B4}
	EndGlobalSection
EndGlobal
